{
    "_meta": {
        "hash": {
            "sha256": "a7b1bbcadb6d1446d14c6c678fcb458badcd1a9b81a3bb03f3a6566a569edf0d"
        },
        "pipfile-spec": 6,
        "requires": {
            "python_version": "3.12"
        },
        "sources": [
            {
                "name": "pypi",
                "url": "https://pypi.org/simple",
                "verify_ssl": true
            }
        ]
    },
    "default": {
        "asgiref": {
            "hashes": [
                "sha256:89b2ef2247e3b562a16eef663bc0e2e703ec6468e2fa8a5cd61cd449786d4f6e",
                "sha256:9e0ce3aa93a819ba5b45120216b23878cf6e8525eb3848653452b4192b92afed"
            ],
            "markers": "python_version >= '3.7'",
            "version": "==3.7.2"
        },
        "attrs": {
            "hashes": [
                "sha256:1f28b4522cdc2fb4256ac1a020c78acf9cba2c6b461ccd2c126f3aa8e8335d04",
                "sha256:6279836d581513a26f1bf235f9acd333bc9115683f14f7e8fae46c98fc50e015"
            ],
            "markers": "python_version >= '3.7'",
            "version": "==23.1.0"
        },
        "boto3": {
            "hashes": [
                "sha256:5909cd1393143576265c692e908a9ae495492c04a0ffd4bae8578adc2e44729e",
                "sha256:a98c0b86f6044ff8314cc2361e1ef574d674318313ab5606ccb4a6651c7a3f8c"
            ],
            "index": "pypi",
            "markers": "python_version >= '3.8'",
            "version": "==1.34.22"
        },
        "botocore": {
            "hashes": [
                "sha256:c47ba4286c576150d1b6ca6df69a87b5deff3d23bd84da8bcf8431ebac3c40ba",
                "sha256:e5f7775975b9213507fbcf846a96b7a2aec2a44fc12a44585197b014a4ab0889"
            ],
            "markers": "python_version >= '3.8'",
            "version": "==1.34.22"
        },
        "django": {
            "hashes": [
                "sha256:8e0f1c2c2786b5c0e39fe1afce24c926040fad47c8ea8ad30aaf1188df29fc41",
                "sha256:e1d37c51ad26186de355cbcec16613ebdabfa9689bbade9c538835205a8abbe9"
            ],
            "index": "pypi",
            "markers": "python_version >= '3.8'",
            "version": "==4.2.7"
        },
        "django-cors-headers": {
            "hashes": [
                "sha256:0b1fd19297e37417fc9f835d39e45c8c642938ddba1acce0c1753d3edef04f36",
                "sha256:0bf65ef45e606aff1994d35503e6b677c0b26cafff6506f8fd7187f3be840207"
            ],
            "index": "pypi",
            "markers": "python_version >= '3.8'",
            "version": "==4.3.1"
        },
        "django-environ": {
            "hashes": [
                "sha256:0ff95ab4344bfeff693836aa978e6840abef2e2f1145adff7735892711590c05",
                "sha256:f32a87aa0899894c27d4e1776fa6b477e8164ed7f6b3e410a62a6d72caaf64be"
            ],
            "index": "pypi",
            "markers": "python_version >= '3.6' and python_version < '4'",
            "version": "==0.11.2"
        },
        "django-filter": {
            "hashes": [
                "sha256:67583aa43b91fe8c49f74a832d95f4d8442be628fd4c6d65e9f811f5153a4e5c",
                "sha256:99122a201d83860aef4fe77758b69dda913e874cc5e0eaa50a86b0b18d708400"
            ],
            "index": "pypi",
            "markers": "python_version >= '3.7'",
            "version": "==23.5"
        },
        "djangorestframework": {
            "hashes": [
                "sha256:579a333e6256b09489cbe0a067e66abe55c6595d8926be6b99423786334350c8",
                "sha256:eb63f58c9f218e1a7d064d17a70751f528ed4e1d35547fdade9aaf4cd103fd08"
            ],
            "index": "pypi",
            "markers": "python_version >= '3.6'",
            "version": "==3.14.0"
        },
        "djangorestframework-simplejwt": {
            "hashes": [
                "sha256:381bc966aa46913905629d472cd72ad45faa265509764e20ffd440164c88d220",
                "sha256:6c4bd37537440bc439564ebf7d6085e74c5411485197073f508ebdfa34bc9fae"
            ],
            "index": "pypi",
            "markers": "python_version >= '3.8'",
            "version": "==5.3.1"
        },
        "drf-spectacular": {
            "hashes": [
                "sha256:18d7ae74b2b5d533fd31f1c591ebaa5cce1447e0976ced927401e3163040dea9",
                "sha256:6ab2d20674244e8c940c2883f744b43c34fc68c70ea3aefa802f574108c9699b"
            ],
            "index": "pypi",
            "markers": "python_version >= '3.6'",
            "version": "==0.27.0"
        },
        "inflection": {
            "hashes": [
                "sha256:1a29730d366e996aaacffb2f1f1cb9593dc38e2ddd30c91250c6dde09ea9b417",
                "sha256:f38b2b640938a4f35ade69ac3d053042959b62a0f1076a5bbaa1b9526605a8a2"
            ],
            "markers": "python_version >= '3.5'",
            "version": "==0.5.1"
        },
        "jmespath": {
            "hashes": [
                "sha256:02e2e4cc71b5bcab88332eebf907519190dd9e6e82107fa7f83b1003a6252980",
                "sha256:90261b206d6defd58fdd5e85f478bf633a2901798906be2ad389150c5c60edbe"
            ],
            "markers": "python_version >= '3.7'",
            "version": "==1.0.1"
        },
        "jsonschema": {
            "hashes": [
                "sha256:4f614fd46d8d61258610998997743ec5492a648b33cf478c1ddc23ed4598a5fa",
                "sha256:ed6231f0429ecf966f5bc8dfef245998220549cbbcf140f913b7464c52c3b6b3"
            ],
            "markers": "python_version >= '3.8'",
            "version": "==4.20.0"
        },
        "jsonschema-specifications": {
            "hashes": [
                "sha256:9472fc4fea474cd74bea4a2b190daeccb5a9e4db2ea80efcf7a1b582fc9a81b8",
                "sha256:e74ba7c0a65e8cb49dc26837d6cfe576557084a8b423ed16a420984228104f93"
            ],
            "markers": "python_version >= '3.8'",
            "version": "==2023.11.2"
        },
        "markdown": {
            "hashes": [
                "sha256:d43323865d89fc0cb9b20c75fc8ad313af307cc087e84b657d9eec768eddeadd",
                "sha256:e1ac7b3dc550ee80e602e71c1d168002f062e49f1b11e26a36264dafd4df2ef8"
            ],
            "index": "pypi",
            "markers": "python_version >= '3.8'",
            "version": "==3.5.2"
        },
        "pillow": {
            "hashes": [
                "sha256:0304004f8067386b477d20a518b50f3fa658a28d44e4116970abfcd94fac34a8",
                "sha256:0689b5a8c5288bc0504d9fcee48f61a6a586b9b98514d7d29b840143d6734f39",
                "sha256:0eae2073305f451d8ecacb5474997c08569fb4eb4ac231ffa4ad7d342fdc25ac",
                "sha256:0fb3e7fc88a14eacd303e90481ad983fd5b69c761e9e6ef94c983f91025da869",
                "sha256:11fa2e5984b949b0dd6d7a94d967743d87c577ff0b83392f17cb3990d0d2fd6e",
                "sha256:127cee571038f252a552760076407f9cff79761c3d436a12af6000cd182a9d04",
                "sha256:154e939c5f0053a383de4fd3d3da48d9427a7e985f58af8e94d0b3c9fcfcf4f9",
                "sha256:15587643b9e5eb26c48e49a7b33659790d28f190fc514a322d55da2fb5c2950e",
                "sha256:170aeb00224ab3dc54230c797f8404507240dd868cf52066f66a41b33169bdbe",
                "sha256:1b5e1b74d1bd1b78bc3477528919414874748dd363e6272efd5abf7654e68bef",
                "sha256:1da3b2703afd040cf65ec97efea81cfba59cdbed9c11d8efc5ab09df9509fc56",
                "sha256:1e23412b5c41e58cec602f1135c57dfcf15482013ce6e5f093a86db69646a5aa",
                "sha256:2247178effb34a77c11c0e8ac355c7a741ceca0a732b27bf11e747bbc950722f",
                "sha256:257d8788df5ca62c980314053197f4d46eefedf4e6175bc9412f14412ec4ea2f",
                "sha256:3031709084b6e7852d00479fd1d310b07d0ba82765f973b543c8af5061cf990e",
                "sha256:322209c642aabdd6207517e9739c704dc9f9db943015535783239022002f054a",
                "sha256:322bdf3c9b556e9ffb18f93462e5f749d3444ce081290352c6070d014c93feb2",
                "sha256:33870dc4653c5017bf4c8873e5488d8f8d5f8935e2f1fb9a2208c47cdd66efd2",
                "sha256:35bb52c37f256f662abdfa49d2dfa6ce5d93281d323a9af377a120e89a9eafb5",
                "sha256:3c31822339516fb3c82d03f30e22b1d038da87ef27b6a78c9549888f8ceda39a",
                "sha256:3eedd52442c0a5ff4f887fab0c1c0bb164d8635b32c894bc1faf4c618dd89df2",
                "sha256:3ff074fc97dd4e80543a3e91f69d58889baf2002b6be64347ea8cf5533188213",
                "sha256:47c0995fc4e7f79b5cfcab1fc437ff2890b770440f7696a3ba065ee0fd496563",
                "sha256:49d9ba1ed0ef3e061088cd1e7538a0759aab559e2e0a80a36f9fd9d8c0c21591",
                "sha256:51f1a1bffc50e2e9492e87d8e09a17c5eea8409cda8d3f277eb6edc82813c17c",
                "sha256:52a50aa3fb3acb9cf7213573ef55d31d6eca37f5709c69e6858fe3bc04a5c2a2",
                "sha256:54f1852cd531aa981bc0965b7d609f5f6cc8ce8c41b1139f6ed6b3c54ab82bfb",
                "sha256:609448742444d9290fd687940ac0b57fb35e6fd92bdb65386e08e99af60bf757",
                "sha256:69ffdd6120a4737710a9eee73e1d2e37db89b620f702754b8f6e62594471dee0",
                "sha256:6fad5ff2f13d69b7e74ce5b4ecd12cc0ec530fcee76356cac6742785ff71c452",
                "sha256:7049e301399273a0136ff39b84c3678e314f2158f50f517bc50285fb5ec847ad",
                "sha256:70c61d4c475835a19b3a5aa42492409878bbca7438554a1f89d20d58a7c75c01",
                "sha256:716d30ed977be8b37d3ef185fecb9e5a1d62d110dfbdcd1e2a122ab46fddb03f",
                "sha256:753cd8f2086b2b80180d9b3010dd4ed147efc167c90d3bf593fe2af21265e5a5",
                "sha256:773efe0603db30c281521a7c0214cad7836c03b8ccff897beae9b47c0b657d61",
                "sha256:7823bdd049099efa16e4246bdf15e5a13dbb18a51b68fa06d6c1d4d8b99a796e",
                "sha256:7c8f97e8e7a9009bcacbe3766a36175056c12f9a44e6e6f2d5caad06dcfbf03b",
                "sha256:823ef7a27cf86df6597fa0671066c1b596f69eba53efa3d1e1cb8b30f3533068",
                "sha256:8373c6c251f7ef8bda6675dd6d2b3a0fcc31edf1201266b5cf608b62a37407f9",
                "sha256:83b2021f2ade7d1ed556bc50a399127d7fb245e725aa0113ebd05cfe88aaf588",
                "sha256:870ea1ada0899fd0b79643990809323b389d4d1d46c192f97342eeb6ee0b8483",
                "sha256:8d12251f02d69d8310b046e82572ed486685c38f02176bd08baf216746eb947f",
                "sha256:9c23f307202661071d94b5e384e1e1dc7dfb972a28a2310e4ee16103e66ddb67",
                "sha256:9d189550615b4948f45252d7f005e53c2040cea1af5b60d6f79491a6e147eef7",
                "sha256:a086c2af425c5f62a65e12fbf385f7c9fcb8f107d0849dba5839461a129cf311",
                "sha256:a2b56ba36e05f973d450582fb015594aaa78834fefe8dfb8fcd79b93e64ba4c6",
                "sha256:aebb6044806f2e16ecc07b2a2637ee1ef67a11840a66752751714a0d924adf72",
                "sha256:b1b3020d90c2d8e1dae29cf3ce54f8094f7938460fb5ce8bc5c01450b01fbaf6",
                "sha256:b4b6b1e20608493548b1f32bce8cca185bf0480983890403d3b8753e44077129",
                "sha256:b6f491cdf80ae540738859d9766783e3b3c8e5bd37f5dfa0b76abdecc5081f13",
                "sha256:b792a349405fbc0163190fde0dc7b3fef3c9268292586cf5645598b48e63dc67",
                "sha256:b7c2286c23cd350b80d2fc9d424fc797575fb16f854b831d16fd47ceec078f2c",
                "sha256:babf5acfede515f176833ed6028754cbcd0d206f7f614ea3447d67c33be12516",
                "sha256:c365fd1703040de1ec284b176d6af5abe21b427cb3a5ff68e0759e1e313a5e7e",
                "sha256:c4225f5220f46b2fde568c74fca27ae9771536c2e29d7c04f4fb62c83275ac4e",
                "sha256:c570f24be1e468e3f0ce7ef56a89a60f0e05b30a3669a459e419c6eac2c35364",
                "sha256:c6dafac9e0f2b3c78df97e79af707cdc5ef8e88208d686a4847bab8266870023",
                "sha256:c8de2789052ed501dd829e9cae8d3dcce7acb4777ea4a479c14521c942d395b1",
                "sha256:cb28c753fd5eb3dd859b4ee95de66cc62af91bcff5db5f2571d32a520baf1f04",
                "sha256:cb4c38abeef13c61d6916f264d4845fab99d7b711be96c326b84df9e3e0ff62d",
                "sha256:d1b35bcd6c5543b9cb547dee3150c93008f8dd0f1fef78fc0cd2b141c5baf58a",
                "sha256:d8e6aeb9201e655354b3ad049cb77d19813ad4ece0df1249d3c793de3774f8c7",
                "sha256:d8ecd059fdaf60c1963c58ceb8997b32e9dc1b911f5da5307aab614f1ce5c2fb",
                "sha256:da2b52b37dad6d9ec64e653637a096905b258d2fc2b984c41ae7d08b938a67e4",
                "sha256:e87f0b2c78157e12d7686b27d63c070fd65d994e8ddae6f328e0dcf4a0cd007e",
                "sha256:edca80cbfb2b68d7b56930b84a0e45ae1694aeba0541f798e908a49d66b837f1",
                "sha256:f379abd2f1e3dddb2b61bc67977a6b5a0a3f7485538bcc6f39ec76163891ee48",
                "sha256:fe4c15f6c9285dc54ce6553a3ce908ed37c8f3825b5a51a15c91442bb955b868"
            ],
            "index": "pypi",
            "markers": "python_version >= '3.8'",
            "version": "==10.2.0"
        },
        "pyjwt": {
            "hashes": [
                "sha256:57e28d156e3d5c10088e0c68abb90bfac3df82b40a71bd0daa20c65ccd5c23de",
                "sha256:59127c392cc44c2da5bb3192169a91f429924e17aff6534d70fdc02ab3e04320"
            ],
            "markers": "python_version >= '3.7'",
            "version": "==2.8.0"
        },
        "python-dateutil": {
            "hashes": [
                "sha256:0123cacc1627ae19ddf3c27a5de5bd67ee4586fbdd6440d9748f8abb483d3e86",
                "sha256:961d03dc3453ebbc59dbdea9e4e11c5651520a876d0f4db161e8674aae935da9"
            ],
            "markers": "python_version >= '2.7' and python_version not in '3.0, 3.1, 3.2, 3.3'",
            "version": "==2.8.2"
        },
        "pytz": {
            "hashes": [
                "sha256:7b4fddbeb94a1eba4b557da24f19fdf9db575192544270a9101d8509f9f43d7b",
                "sha256:ce42d816b81b68506614c11e8937d3aa9e41007ceb50bfdcb0749b921bf646c7"
            ],
            "version": "==2023.3.post1"
        },
        "pyyaml": {
            "hashes": [
                "sha256:04ac92ad1925b2cff1db0cfebffb6ffc43457495c9b3c39d3fcae417d7125dc5",
                "sha256:062582fca9fabdd2c8b54a3ef1c978d786e0f6b3a1510e0ac93ef59e0ddae2bc",
                "sha256:0d3304d8c0adc42be59c5f8a4d9e3d7379e6955ad754aa9d6ab7a398b59dd1df",
                "sha256:1635fd110e8d85d55237ab316b5b011de701ea0f29d07611174a1b42f1444741",
                "sha256:184c5108a2aca3c5b3d3bf9395d50893a7ab82a38004c8f61c258d4428e80206",
                "sha256:18aeb1bf9a78867dc38b259769503436b7c72f7a1f1f4c93ff9a17de54319b27",
                "sha256:1d4c7e777c441b20e32f52bd377e0c409713e8bb1386e1099c2415f26e479595",
                "sha256:1e2722cc9fbb45d9b87631ac70924c11d3a401b2d7f410cc0e3bbf249f2dca62",
                "sha256:1fe35611261b29bd1de0070f0b2f47cb6ff71fa6595c077e42bd0c419fa27b98",
                "sha256:28c119d996beec18c05208a8bd78cbe4007878c6dd15091efb73a30e90539696",
                "sha256:326c013efe8048858a6d312ddd31d56e468118ad4cdeda36c719bf5bb6192290",
                "sha256:40df9b996c2b73138957fe23a16a4f0ba614f4c0efce1e9406a184b6d07fa3a9",
                "sha256:42f8152b8dbc4fe7d96729ec2b99c7097d656dc1213a3229ca5383f973a5ed6d",
                "sha256:49a183be227561de579b4a36efbb21b3eab9651dd81b1858589f796549873dd6",
                "sha256:4fb147e7a67ef577a588a0e2c17b6db51dda102c71de36f8549b6816a96e1867",
                "sha256:50550eb667afee136e9a77d6dc71ae76a44df8b3e51e41b77f6de2932bfe0f47",
                "sha256:510c9deebc5c0225e8c96813043e62b680ba2f9c50a08d3724c7f28a747d1486",
                "sha256:5773183b6446b2c99bb77e77595dd486303b4faab2b086e7b17bc6bef28865f6",
                "sha256:596106435fa6ad000c2991a98fa58eeb8656ef2325d7e158344fb33864ed87e3",
                "sha256:6965a7bc3cf88e5a1c3bd2e0b5c22f8d677dc88a455344035f03399034eb3007",
                "sha256:69b023b2b4daa7548bcfbd4aa3da05b3a74b772db9e23b982788168117739938",
                "sha256:6c22bec3fbe2524cde73d7ada88f6566758a8f7227bfbf93a408a9d86bcc12a0",
                "sha256:704219a11b772aea0d8ecd7058d0082713c3562b4e271b849ad7dc4a5c90c13c",
                "sha256:7e07cbde391ba96ab58e532ff4803f79c4129397514e1413a7dc761ccd755735",
                "sha256:81e0b275a9ecc9c0c0c07b4b90ba548307583c125f54d5b6946cfee6360c733d",
                "sha256:855fb52b0dc35af121542a76b9a84f8d1cd886ea97c84703eaa6d88e37a2ad28",
                "sha256:8d4e9c88387b0f5c7d5f281e55304de64cf7f9c0021a3525bd3b1c542da3b0e4",
                "sha256:9046c58c4395dff28dd494285c82ba00b546adfc7ef001486fbf0324bc174fba",
                "sha256:9eb6caa9a297fc2c2fb8862bc5370d0303ddba53ba97e71f08023b6cd73d16a8",
                "sha256:a0cd17c15d3bb3fa06978b4e8958dcdc6e0174ccea823003a106c7d4d7899ac5",
                "sha256:afd7e57eddb1a54f0f1a974bc4391af8bcce0b444685d936840f125cf046d5bd",
                "sha256:b1275ad35a5d18c62a7220633c913e1b42d44b46ee12554e5fd39c70a243d6a3",
                "sha256:b786eecbdf8499b9ca1d697215862083bd6d2a99965554781d0d8d1ad31e13a0",
                "sha256:ba336e390cd8e4d1739f42dfe9bb83a3cc2e80f567d8805e11b46f4a943f5515",
                "sha256:baa90d3f661d43131ca170712d903e6295d1f7a0f595074f151c0aed377c9b9c",
                "sha256:bc1bf2925a1ecd43da378f4db9e4f799775d6367bdb94671027b73b393a7c42c",
                "sha256:bd4af7373a854424dabd882decdc5579653d7868b8fb26dc7d0e99f823aa5924",
                "sha256:bf07ee2fef7014951eeb99f56f39c9bb4af143d8aa3c21b1677805985307da34",
                "sha256:bfdf460b1736c775f2ba9f6a92bca30bc2095067b8a9d77876d1fad6cc3b4a43",
                "sha256:c8098ddcc2a85b61647b2590f825f3db38891662cfc2fc776415143f599bb859",
                "sha256:d2b04aac4d386b172d5b9692e2d2da8de7bfb6c387fa4f801fbf6fb2e6ba4673",
                "sha256:d483d2cdf104e7c9fa60c544d92981f12ad66a457afae824d146093b8c294c54",
                "sha256:d858aa552c999bc8a8d57426ed01e40bef403cd8ccdd0fc5f6f04a00414cac2a",
                "sha256:e7d73685e87afe9f3b36c799222440d6cf362062f78be1013661b00c5c6f678b",
                "sha256:f003ed9ad21d6a4713f0a9b5a7a0a79e08dd0f221aff4525a2be4c346ee60aab",
                "sha256:f22ac1c3cac4dbc50079e965eba2c1058622631e526bd9afd45fedd49ba781fa",
                "sha256:faca3bdcf85b2fc05d06ff3fbc1f83e1391b3e724afa3feba7d13eeab355484c",
                "sha256:fca0e3a251908a499833aa292323f32437106001d436eca0e6e7833256674585",
                "sha256:fd1592b3fdf65fff2ad0004b5e363300ef59ced41c2e6b3a99d4089fa8c5435d",
                "sha256:fd66fc5d0da6d9815ba2cebeb4205f95818ff4b79c3ebe268e75d961704af52f"
            ],
            "markers": "python_version >= '3.6'",
            "version": "==6.0.1"
        },
        "referencing": {
            "hashes": [
                "sha256:689e64fe121843dcfd57b71933318ef1f91188ffb45367332700a86ac8fd6161",
                "sha256:bdcd3efb936f82ff86f993093f6da7435c7de69a3b3a5a06678a6050184bee99"
            ],
            "markers": "python_version >= '3.8'",
            "version": "==0.32.0"
        },
        "rpds-py": {
            "hashes": [
                "sha256:06d218e4464d31301e943b65b2c6919318ea6f69703a351961e1baaf60347276",
                "sha256:12ecf89bd54734c3c2c79898ae2021dca42750c7bcfb67f8fb3315453738ac8f",
                "sha256:15253fff410873ebf3cfba1cc686a37711efcd9b8cb30ea21bb14a973e393f60",
                "sha256:188435794405c7f0573311747c85a96b63c954a5f2111b1df8018979eca0f2f0",
                "sha256:1ceebd0ae4f3e9b2b6b553b51971921853ae4eebf3f54086be0565d59291e53d",
                "sha256:244e173bb6d8f3b2f0c4d7370a1aa341f35da3e57ffd1798e5b2917b91731fd3",
                "sha256:25b28b3d33ec0a78e944aaaed7e5e2a94ac811bcd68b557ca48a0c30f87497d2",
                "sha256:25ea41635d22b2eb6326f58e608550e55d01df51b8a580ea7e75396bafbb28e9",
                "sha256:29d311e44dd16d2434d5506d57ef4d7036544fc3c25c14b6992ef41f541b10fb",
                "sha256:2a1472956c5bcc49fb0252b965239bffe801acc9394f8b7c1014ae9258e4572b",
                "sha256:2a7bef6977043673750a88da064fd513f89505111014b4e00fbdd13329cd4e9a",
                "sha256:2ac26f50736324beb0282c819668328d53fc38543fa61eeea2c32ea8ea6eab8d",
                "sha256:2e72f750048b32d39e87fc85c225c50b2a6715034848dbb196bf3348aa761fa1",
                "sha256:31e220a040b89a01505128c2f8a59ee74732f666439a03e65ccbf3824cdddae7",
                "sha256:35f53c76a712e323c779ca39b9a81b13f219a8e3bc15f106ed1e1462d56fcfe9",
                "sha256:38d4f822ee2f338febcc85aaa2547eb5ba31ba6ff68d10b8ec988929d23bb6b4",
                "sha256:38f9bf2ad754b4a45b8210a6c732fe876b8a14e14d5992a8c4b7c1ef78740f53",
                "sha256:3a44c8440183b43167fd1a0819e8356692bf5db1ad14ce140dbd40a1485f2dea",
                "sha256:3ab96754d23372009638a402a1ed12a27711598dd49d8316a22597141962fe66",
                "sha256:3c55d7f2d817183d43220738270efd3ce4e7a7b7cbdaefa6d551ed3d6ed89190",
                "sha256:46e1ed994a0920f350a4547a38471217eb86f57377e9314fbaaa329b71b7dfe3",
                "sha256:4a5375c5fff13f209527cd886dc75394f040c7d1ecad0a2cb0627f13ebe78a12",
                "sha256:4c2d26aa03d877c9730bf005621c92da263523a1e99247590abbbe252ccb7824",
                "sha256:4c4e314d36d4f31236a545696a480aa04ea170a0b021e9a59ab1ed94d4c3ef27",
                "sha256:4d0c10d803549427f427085ed7aebc39832f6e818a011dcd8785e9c6a1ba9b3e",
                "sha256:4dcc5ee1d0275cb78d443fdebd0241e58772a354a6d518b1d7af1580bbd2c4e8",
                "sha256:51967a67ea0d7b9b5cd86036878e2d82c0b6183616961c26d825b8c994d4f2c8",
                "sha256:530190eb0cd778363bbb7596612ded0bb9fef662daa98e9d92a0419ab27ae914",
                "sha256:5379e49d7e80dca9811b36894493d1c1ecb4c57de05c36f5d0dd09982af20211",
                "sha256:5493569f861fb7b05af6d048d00d773c6162415ae521b7010197c98810a14cab",
                "sha256:5a4c1058cdae6237d97af272b326e5f78ee7ee3bbffa6b24b09db4d828810468",
                "sha256:5d75d6d220d55cdced2f32cc22f599475dbe881229aeddba6c79c2e9df35a2b3",
                "sha256:5d97e9ae94fb96df1ee3cb09ca376c34e8a122f36927230f4c8a97f469994bff",
                "sha256:5feae2f9aa7270e2c071f488fab256d768e88e01b958f123a690f1cc3061a09c",
                "sha256:603d5868f7419081d616dab7ac3cfa285296735e7350f7b1e4f548f6f953ee7d",
                "sha256:61d42d2b08430854485135504f672c14d4fc644dd243a9c17e7c4e0faf5ed07e",
                "sha256:61dbc1e01dc0c5875da2f7ae36d6e918dc1b8d2ce04e871793976594aad8a57a",
                "sha256:65cfed9c807c27dee76407e8bb29e6f4e391e436774bcc769a037ff25ad8646e",
                "sha256:67a429520e97621a763cf9b3ba27574779c4e96e49a27ff8a1aa99ee70beb28a",
                "sha256:6aadae3042f8e6db3376d9e91f194c606c9a45273c170621d46128f35aef7cd0",
                "sha256:6ba8858933f0c1a979781272a5f65646fca8c18c93c99c6ddb5513ad96fa54b1",
                "sha256:6bc568b05e02cd612be53900c88aaa55012e744930ba2eeb56279db4c6676eb3",
                "sha256:729408136ef8d45a28ee9a7411917c9e3459cf266c7e23c2f7d4bb8ef9e0da42",
                "sha256:751758d9dd04d548ec679224cc00e3591f5ebf1ff159ed0d4aba6a0746352452",
                "sha256:76d59d4d451ba77f08cb4cd9268dec07be5bc65f73666302dbb5061989b17198",
                "sha256:79bf58c08f0756adba691d480b5a20e4ad23f33e1ae121584cf3a21717c36dfa",
                "sha256:7de12b69d95072394998c622cfd7e8cea8f560db5fca6a62a148f902a1029f8b",
                "sha256:7f55cd9cf1564b7b03f238e4c017ca4794c05b01a783e9291065cb2858d86ce4",
                "sha256:80e5acb81cb49fd9f2d5c08f8b74ffff14ee73b10ca88297ab4619e946bcb1e1",
                "sha256:87a90f5545fd61f6964e65eebde4dc3fa8660bb7d87adb01d4cf17e0a2b484ad",
                "sha256:881df98f0a8404d32b6de0fd33e91c1b90ed1516a80d4d6dc69d414b8850474c",
                "sha256:8a776a29b77fe0cc28fedfd87277b0d0f7aa930174b7e504d764e0b43a05f381",
                "sha256:8c2a61c0e4811012b0ba9f6cdcb4437865df5d29eab5d6018ba13cee1c3064a0",
                "sha256:8fa6bd071ec6d90f6e7baa66ae25820d57a8ab1b0a3c6d3edf1834d4b26fafa2",
                "sha256:96f2975fb14f39c5fe75203f33dd3010fe37d1c4e33177feef1107b5ced750e3",
                "sha256:96fb0899bb2ab353f42e5374c8f0789f54e0a94ef2f02b9ac7149c56622eaf31",
                "sha256:97163a1ab265a1073a6372eca9f4eeb9f8c6327457a0b22ddfc4a17dcd613e74",
                "sha256:9c95a1a290f9acf7a8f2ebbdd183e99215d491beea52d61aa2a7a7d2c618ddc6",
                "sha256:9d94d78418203904730585efa71002286ac4c8ac0689d0eb61e3c465f9e608ff",
                "sha256:a6ba2cb7d676e9415b9e9ac7e2aae401dc1b1e666943d1f7bc66223d3d73467b",
                "sha256:aa0379c1935c44053c98826bc99ac95f3a5355675a297ac9ce0dfad0ce2d50ca",
                "sha256:ac96d67b37f28e4b6ecf507c3405f52a40658c0a806dffde624a8fcb0314d5fd",
                "sha256:ade2ccb937060c299ab0dfb2dea3d2ddf7e098ed63ee3d651ebfc2c8d1e8632a",
                "sha256:aefbdc934115d2f9278f153952003ac52cd2650e7313750390b334518c589568",
                "sha256:b07501b720cf060c5856f7b5626e75b8e353b5f98b9b354a21eb4bfa47e421b1",
                "sha256:b5267feb19070bef34b8dea27e2b504ebd9d31748e3ecacb3a4101da6fcb255c",
                "sha256:b5f6328e8e2ae8238fc767703ab7b95785521c42bb2b8790984e3477d7fa71ad",
                "sha256:b8996ffb60c69f677245f5abdbcc623e9442bcc91ed81b6cd6187129ad1fa3e7",
                "sha256:b981a370f8f41c4024c170b42fbe9e691ae2dbc19d1d99151a69e2c84a0d194d",
                "sha256:b9d121be0217787a7d59a5c6195b0842d3f701007333426e5154bf72346aa658",
                "sha256:bcef4f2d3dc603150421de85c916da19471f24d838c3c62a4f04c1eb511642c1",
                "sha256:bed0252c85e21cf73d2d033643c945b460d6a02fc4a7d644e3b2d6f5f2956c64",
                "sha256:bfdfbe6a36bc3059fff845d64c42f2644cf875c65f5005db54f90cdfdf1df815",
                "sha256:c0095b8aa3e432e32d372e9a7737e65b58d5ed23b9620fea7cb81f17672f1fa1",
                "sha256:c1f41d32a2ddc5a94df4b829b395916a4b7f103350fa76ba6de625fcb9e773ac",
                "sha256:c45008ca79bad237cbc03c72bc5205e8c6f66403773929b1b50f7d84ef9e4d07",
                "sha256:c82bbf7e03748417c3a88c1b0b291288ce3e4887a795a3addaa7a1cfd9e7153e",
                "sha256:c918621ee0a3d1fe61c313f2489464f2ae3d13633e60f520a8002a5e910982ee",
                "sha256:d204957169f0b3511fb95395a9da7d4490fb361763a9f8b32b345a7fe119cb45",
                "sha256:d329896c40d9e1e5c7715c98529e4a188a1f2df51212fd65102b32465612b5dc",
                "sha256:d3a61e928feddc458a55110f42f626a2a20bea942ccedb6fb4cee70b4830ed41",
                "sha256:d48db29bd47814671afdd76c7652aefacc25cf96aad6daefa82d738ee87461e2",
                "sha256:d5593855b5b2b73dd8413c3fdfa5d95b99d657658f947ba2c4318591e745d083",
                "sha256:d79c159adea0f1f4617f54aa156568ac69968f9ef4d1e5fefffc0a180830308e",
                "sha256:db09b98c7540df69d4b47218da3fbd7cb466db0fb932e971c321f1c76f155266",
                "sha256:ddf23960cb42b69bce13045d5bc66f18c7d53774c66c13f24cf1b9c144ba3141",
                "sha256:e06cfea0ece444571d24c18ed465bc93afb8c8d8d74422eb7026662f3d3f779b",
                "sha256:e7c564c58cf8f248fe859a4f0fe501b050663f3d7fbc342172f259124fb59933",
                "sha256:e86593bf8637659e6a6ed58854b6c87ec4e9e45ee8a4adfd936831cef55c2d21",
                "sha256:eaffbd8814bb1b5dc3ea156a4c5928081ba50419f9175f4fc95269e040eff8f0",
                "sha256:ee353bb51f648924926ed05e0122b6a0b1ae709396a80eb583449d5d477fcdf7",
                "sha256:ee6faebb265e28920a6f23a7d4c362414b3f4bb30607141d718b991669e49ddc",
                "sha256:efe093acc43e869348f6f2224df7f452eab63a2c60a6c6cd6b50fd35c4e075ba",
                "sha256:f03a1b3a4c03e3e0161642ac5367f08479ab29972ea0ffcd4fa18f729cd2be0a",
                "sha256:f0d320e70b6b2300ff6029e234e79fe44e9dbbfc7b98597ba28e054bd6606a57",
                "sha256:f252dfb4852a527987a9156cbcae3022a30f86c9d26f4f17b8c967d7580d65d2",
                "sha256:f5f4424cb87a20b016bfdc157ff48757b89d2cc426256961643d443c6c277007",
                "sha256:f8eae66a1304de7368932b42d801c67969fd090ddb1a7a24f27b435ed4bed68f",
                "sha256:fdb82eb60d31b0c033a8e8ee9f3fc7dfbaa042211131c29da29aea8531b4f18f"
            ],
            "markers": "python_version >= '3.8'",
            "version": "==0.13.2"
        },
        "s3transfer": {
            "hashes": [
                "sha256:3cdb40f5cfa6966e812209d0994f2a4709b561c88e90cf00c2696d2df4e56b2e",
                "sha256:d0c8bbf672d5eebbe4e57945e23b972d963f07d82f661cabf678a5c88831595b"
            ],
            "markers": "python_version >= '3.8'",
            "version": "==0.10.0"
        },
        "six": {
            "hashes": [
                "sha256:1e61c37477a1626458e36f7b1d82aa5c9b094fa4802892072e49de9c60c4c926",
                "sha256:8abb2f1d86890a2dfb989f9a77cfcfd3e47c2a354b01111771326f8aa26e0254"
            ],
            "markers": "python_version >= '2.7' and python_version not in '3.0, 3.1, 3.2, 3.3'",
            "version": "==1.16.0"
        },
        "sqlparse": {
            "hashes": [
                "sha256:5430a4fe2ac7d0f93e66f1efc6e1338a41884b7ddf2a350cedd20ccc4d9d28f3",
                "sha256:d446183e84b8349fa3061f0fe7f06ca94ba65b426946ffebe6e3e8295332420c"
            ],
            "markers": "python_version >= '3.5'",
            "version": "==0.4.4"
        },
        "uritemplate": {
            "hashes": [
                "sha256:4346edfc5c3b79f694bccd6d6099a322bbeb628dbf2cd86eea55a456ce5124f0",
                "sha256:830c08b8d99bdd312ea4ead05994a38e8936266f84b9a7878232db50b044e02e"
            ],
            "markers": "python_version >= '3.6'",
            "version": "==4.1.1"
        },
        "urllib3": {
            "hashes": [
                "sha256:c97dfde1f7bd43a71c8d2a58e369e9b2bf692d1334ea9f9cae55add7d0dd0f84",
                "sha256:fdb6d215c776278489906c2f8916e6e7d4f5a9b602ccbcfdf7f016fc8da0596e"
            ],
            "markers": "python_version >= '3.10'",
            "version": "==2.0.7"
        }
    },
    "develop": {
        "autopep8": {
            "hashes": [
                "sha256:067959ca4a07b24dbd5345efa8325f5f58da4298dab0dde0443d5ed765de80cb",
                "sha256:2913064abd97b3419d1cc83ea71f042cb821f87e45b9c88cad5ad3c4ea87fe0c"
            ],
            "index": "pypi",
            "markers": "python_version >= '3.6'",
            "version": "==2.0.4"
        },
        "factory-boy": {
            "hashes": [
                "sha256:a2cdbdb63228177aa4f1c52f4b6d83fab2b8623bf602c7dedd7eb83c0f69c04c",
                "sha256:bc76d97d1a65bbd9842a6d722882098eb549ec8ee1081f9fb2e8ff29f0c300f1"
            ],
            "index": "pypi",
            "markers": "python_version >= '3.7'",
            "version": "==3.3.0"
        },
        "faker": {
            "hashes": [
                "sha256:2d8a350e952225a145307d7461881c44a1c9320e90fbe8bd903d5947f133f3ec",
                "sha256:ff61cca42547795bee8a11319792a8fee6d0f0cd191e831f7f3050c5851fcd8a"
            ],
            "markers": "python_version >= '3.8'",
            "version": "==21.0.0"
        },
        "flake8": {
            "hashes": [
                "sha256:3833794e27ff64ea4e9cf5d410082a8b97ff1a06c16aa3d2027339cd0f1195c7",
                "sha256:c61007e76655af75e6785a931f452915b371dc48f56efd765247c8fe68f2b181"
            ],
            "index": "pypi",
            "markers": "python_full_version >= '3.8.1'",
            "version": "==6.0.0"
        },
        "mccabe": {
            "hashes": [
                "sha256:348e0240c33b60bbdf4e523192ef919f28cb2c3d7d5c7794f74009290f236325",
                "sha256:6c2d30ab6be0e4a46919781807b4f0d834ebdd6c6e3dca0bda5a15f863427b6e"
            ],
            "markers": "python_version >= '3.6'",
            "version": "==0.7.0"
        },
        "pycodestyle": {
            "hashes": [
                "sha256:347187bdb476329d98f695c213d7295a846d1152ff4fe9bacb8a9590b8ee7053",
                "sha256:8a4eaf0d0495c7395bdab3589ac2db602797d76207242c17d470186815706610"
            ],
            "index": "pypi",
            "markers": "python_version >= '3.6'",
            "version": "==2.10.0"
        },
        "pyflakes": {
            "hashes": [
                "sha256:ec55bf7fe21fff7f1ad2f7da62363d749e2a470500eab1b555334b67aa1ef8cf",
                "sha256:ec8b276a6b60bd80defed25add7e439881c19e64850afd9b346283d4165fd0fd"
            ],
            "markers": "python_version >= '3.6'",
            "version": "==3.0.1"
        },
        "python-dateutil": {
            "hashes": [
                "sha256:0123cacc1627ae19ddf3c27a5de5bd67ee4586fbdd6440d9748f8abb483d3e86",
                "sha256:961d03dc3453ebbc59dbdea9e4e11c5651520a876d0f4db161e8674aae935da9"
            ],
            "markers": "python_version >= '2.7' and python_version not in '3.0, 3.1, 3.2, 3.3'",
            "version": "==2.8.2"
        },
        "six": {
            "hashes": [
                "sha256:1e61c37477a1626458e36f7b1d82aa5c9b094fa4802892072e49de9c60c4c926",
                "sha256:8abb2f1d86890a2dfb989f9a77cfcfd3e47c2a354b01111771326f8aa26e0254"
            ],
            "markers": "python_version >= '2.7' and python_version not in '3.0, 3.1, 3.2, 3.3'",
            "version": "==1.16.0"
        }
    }
}
